
Microsoft Visual Studio Solution File, Format Version 12.00
# Visual Studio Version 17
VisualStudioVersion = 17.10.35004.147
MinimumVisualStudioVersion = 10.0.40219.1
Project("{9A19103F-16F7-4668-BE54-9A1E7A4F7556}") = "BlazorTicTacToe", "BlazorTicTacToe\BlazorTicTacToe\BlazorTicTacToe.csproj", "{2ECF1F60-473C-4FD2-BE80-04B6411E682C}"
EndProject
Project("{9A19103F-16F7-4668-BE54-9A1E7A4F7556}") = "BlazorTicTacToe.Client", "BlazorTicTacToe\BlazorTicTacToe.Client\BlazorTicTacToe.Client.csproj", "{9D05E22C-A806-469D-B9DC-566A83D0E0D8}"
EndProject
Project("{FAE04EC0-301F-11D3-BF4B-00C04F79EFBC}") = "BlazorTicTacToeShared", "BlazorTicTacToeShared\BlazorTicTacToeShared.csproj", "{63B26B99-DC42-48E0-A021-926D16B7426B}"
EndProject
Global
	GlobalSection(SolutionConfigurationPlatforms) = preSolution
		Debug|Any CPU = Debug|Any CPU
		Release|Any CPU = Release|Any CPU
	EndGlobalSection
	GlobalSection(ProjectConfigurationPlatforms) = postSolution
		{2ECF1F60-473C-4FD2-BE80-04B6411E682C}.Debug|Any CPU.ActiveCfg = Debug|Any CPU
		{2ECF1F60-473C-4FD2-BE80-04B6411E682C}.Debug|Any CPU.Build.0 = Debug|Any CPU
		{2ECF1F60-473C-4FD2-BE80-04B6411E682C}.Release|Any CPU.ActiveCfg = Release|Any CPU
		{2ECF1F60-473C-4FD2-BE80-04B6411E682C}.Release|Any CPU.Build.0 = Release|Any CPU
		{9D05E22C-A806-469D-B9DC-566A83D0E0D8}.Debug|Any CPU.ActiveCfg = Debug|Any CPU
		{9D05E22C-A806-469D-B9DC-566A83D0E0D8}.Debug|Any CPU.Build.0 = Debug|Any CPU
		{9D05E22C-A806-469D-B9DC-566A83D0E0D8}.Release|Any CPU.ActiveCfg = Release|Any CPU
		{9D05E22C-A806-469D-B9DC-566A83D0E0D8}.Release|Any CPU.Build.0 = Release|Any CPU
		{63B26B99-DC42-48E0-A021-926D16B7426B}.Debug|Any CPU.ActiveCfg = Debug|Any CPU
		{63B26B99-DC42-48E0-A021-926D16B7426B}.Debug|Any CPU.Build.0 = Debug|Any CPU
		{63B26B99-DC42-48E0-A021-926D16B7426B}.Release|Any CPU.ActiveCfg = Release|Any CPU
		{63B26B99-DC42-48E0-A021-926D16B7426B}.Release|Any CPU.Build.0 = Release|Any CPU
	EndGlobalSection
	GlobalSection(SolutionProperties) = preSolution
		HideSolutionNode = FALSE
	EndGlobalSection
	GlobalSection(ExtensibilityGlobals) = postSolution
		SolutionGuid = {00759C00-95BC-4E6F-A05A-B1D64FD42626}
	EndGlobalSection
EndGlobal
